dependencies:
- name: cloudlaunch
  repository: https://raw.githubusercontent.com/CloudVE/helm-charts/master
  version: 0.3.0
- name: keycloak
  repository: https://codecentric.github.io/helm-charts
  version: 6.0.0
- name: prometheus-operator
  repository: https://kubernetes-charts.storage.googleapis.com/
  version: 8.5.15
- name: influxdb
  repository: https://kubernetes-charts.storage.googleapis.com/
  version: 3.0.2
digest: sha256:f459f6e9e34e1ece2cb31459bfb6a8d8eaa91079444391e155e5418373a7b03c
generated: "2020-03-31T18:38:38.613618-04:00"
