dependencies:
- name: cloudlaunch
  repository: https://raw.githubusercontent.com/CloudVE/helm-charts/master
  version: 0.4.0
- name: keycloak
  repository: https://codecentric.github.io/helm-charts
  version: 6.0.0
- name: prometheus-operator
  repository: https://kubernetes-charts.storage.googleapis.com/
  version: 8.5.15
- name: influxdb
  repository: https://kubernetes-charts.storage.googleapis.com/
  version: 3.0.2
digest: sha256:4e75347cad1bad63271ff7e2e07a11c5ccbd06ec80f95e5bf35874ce18fd76d5
generated: "2020-04-08T13:55:31.460681-04:00"
