dependencies:
- name: cloudlaunch
  repository: https://raw.githubusercontent.com/CloudVE/helm-charts/master
  version: 0.4.0
- name: keycloak
  repository: https://codecentric.github.io/helm-charts
  version: 6.0.0
- name: kube-prometheus-stack
  repository: https://prometheus-community.github.io/helm-charts
  version: 14.0.1
- name: influxdb
  repository: https://charts.helm.sh/stable
  version: 3.0.2
digest: sha256:a6267e47eecd225cbc7c2c9a6542493b371509cae00a53c7e16d74098a01a885
generated: "2021-03-12T19:56:50.420197+05:30"
